<?xml version="1.0" encoding="utf-8"?>
<Project ToolsVersion="4.0" xmlns="http://schemas.microsoft.com/developer/msbuild/2003">
  <ItemGroup>
    <Filter Include="Main">
      <UniqueIdentifier>{c1309a99-7cff-47a6-8117-538a08ad833d}</UniqueIdentifier>
    </Filter>
  </ItemGroup>
  <ItemGroup>
    <ClCompile Include="Main.cpp">
      <Filter>Main</Filter>
    </ClCompile>
    <ClCompile Include="Trie.cpp" />
    <ClCompile Include="Node.cpp" />
    <ClCompile Include="Scanner.cpp" />
    <ClCompile Include="File.cpp" />
  </ItemGroup>
  <ItemGroup>
    <ClInclude Include="Trie.h" />
    <ClInclude Include="Node.h" />
    <ClInclude Include="Scanner.h" />
    <ClInclude Include="File.h" />
  </ItemGroup>
</Project>